// !$*UTF8*$!
{
	archiveVersion = 1;
	classes = {
	};
	objectVersion = 51;
	objects = {

/* Begin PBXBuildFile section */
		4A16976B256E4696000E208D /* AppDelegate.swift in Sources */ = {isa = PBXBuildFile; fileRef = 4A16976A256E4696000E208D /* AppDelegate.swift */; };
		4A16976D256E4696000E208D /* SceneDelegate.swift in Sources */ = {isa = PBXBuildFile; fileRef = 4A16976C256E4696000E208D /* SceneDelegate.swift */; };
		4A16976F256E4696000E208D /* TaskListView.swift in Sources */ = {isa = PBXBuildFile; fileRef = 4A16976E256E4696000E208D /* TaskListView.swift */; };
		4A169771256E469A000E208D /* Assets.xcassets in Resources */ = {isa = PBXBuildFile; fileRef = 4A169770256E469A000E208D /* Assets.xcassets */; };
		4A169774256E469A000E208D /* Preview Assets.xcassets in Resources */ = {isa = PBXBuildFile; fileRef = 4A169773256E469A000E208D /* Preview Assets.xcassets */; };
		4A169777256E469A000E208D /* LaunchScreen.storyboard in Resources */ = {isa = PBXBuildFile; fileRef = 4A169775256E469A000E208D /* LaunchScreen.storyboard */; };
		4A169782256E469A000E208D /* ToDoAppTests.swift in Sources */ = {isa = PBXBuildFile; fileRef = 4A169781256E469A000E208D /* ToDoAppTests.swift */; };
		4A16978D256E469A000E208D /* ToDoAppUITests.swift in Sources */ = {isa = PBXBuildFile; fileRef = 4A16978C256E469A000E208D /* ToDoAppUITests.swift */; };
		4A1697A7256E96E6000E208D /* Task.swift in Sources */ = {isa = PBXBuildFile; fileRef = 4A1697A6256E96E6000E208D /* Task.swift */; };
		4A4F1CEE256FB62600BC531A /* TaskCellViewModel.swift in Sources */ = {isa = PBXBuildFile; fileRef = 4A4F1CED256FB62600BC531A /* TaskCellViewModel.swift */; };
		4A4F1CF6256FB99F00BC531A /* TaskListViewModel.swift in Sources */ = {isa = PBXBuildFile; fileRef = 4A4F1CF5256FB99F00BC531A /* TaskListViewModel.swift */; };
		4A4F1D3A257654E700BC531A /* GoogleService-Info.plist in Resources */ = {isa = PBXBuildFile; fileRef = 4A4F1D39257654E700BC531A /* GoogleService-Info.plist */; };
		4AB85EBC25A30B9500FECFE1 /* Encryption.swift in Sources */ = {isa = PBXBuildFile; fileRef = 4AB85EBB25A30B9500FECFE1 /* Encryption.swift */; };
		4ACD362E25ACC20F0017191A /* TaskHolder.swift in Sources */ = {isa = PBXBuildFile; fileRef = 4ACD362D25ACC20F0017191A /* TaskHolder.swift */; };
		4AEDA8262589E11B0016FA78 /* GoogleService-Info.plist in Resources */ = {isa = PBXBuildFile; fileRef = 4AEDA8252589E11B0016FA78 /* GoogleService-Info.plist */; };
		4AEDA8462589E8720016FA78 /* TaskRepository.swift in Sources */ = {isa = PBXBuildFile; fileRef = 4AEDA8452589E8720016FA78 /* TaskRepository.swift */; };
		6452FE2FEADF6EFA172C7976 /* Pods_ToDoApp_ToDoAppUITests.framework in Frameworks */ = {isa = PBXBuildFile; fileRef = CEDA06E405AAFA4EC3397939 /* Pods_ToDoApp_ToDoAppUITests.framework */; };
		65DAF6154AB281209427EC53 /* Pods_ToDoAppTests.framework in Frameworks */ = {isa = PBXBuildFile; fileRef = E01DBDCC2CAA231056F75A04 /* Pods_ToDoAppTests.framework */; };
		9135F2222590EB2D00C21BE0 /* TaskCache.swift in Sources */ = {isa = PBXBuildFile; fileRef = 9135F2212590EB2D00C21BE0 /* TaskCache.swift */; };
		EBF04D5E431C83682CD211AD /* Pods_ToDoApp.framework in Frameworks */ = {isa = PBXBuildFile; fileRef = 4AECD073A076432849557E4C /* Pods_ToDoApp.framework */; };
/* End PBXBuildFile section */

/* Begin PBXContainerItemProxy section */
		4A16977E256E469A000E208D /* PBXContainerItemProxy */ = {
			isa = PBXContainerItemProxy;
			containerPortal = 4A16975F256E4696000E208D /* Project object */;
			proxyType = 1;
			remoteGlobalIDString = 4A169766256E4696000E208D;
			remoteInfo = ToDoApp;
		};
		4A169789256E469A000E208D /* PBXContainerItemProxy */ = {
			isa = PBXContainerItemProxy;
			containerPortal = 4A16975F256E4696000E208D /* Project object */;
			proxyType = 1;
			remoteGlobalIDString = 4A169766256E4696000E208D;
			remoteInfo = ToDoApp;
		};
/* End PBXContainerItemProxy section */

/* Begin PBXFileReference section */
		0FEB8596D014CA72802E7777 /* Pods-ToDoApp-ToDoAppUITests.debug.xcconfig */ = {isa = PBXFileReference; includeInIndex = 1; lastKnownFileType = text.xcconfig; name = "Pods-ToDoApp-ToDoAppUITests.debug.xcconfig"; path = "Target Support Files/Pods-ToDoApp-ToDoAppUITests/Pods-ToDoApp-ToDoAppUITests.debug.xcconfig"; sourceTree = "<group>"; };
		152C1A69B893DFD755F9223A /* Pods-ToDoApp.release.xcconfig */ = {isa = PBXFileReference; includeInIndex = 1; lastKnownFileType = text.xcconfig; name = "Pods-ToDoApp.release.xcconfig"; path = "Target Support Files/Pods-ToDoApp/Pods-ToDoApp.release.xcconfig"; sourceTree = "<group>"; };
		1B753878DE3460946FE49BB5 /* Pods-ToDoAppTests.debug.xcconfig */ = {isa = PBXFileReference; includeInIndex = 1; lastKnownFileType = text.xcconfig; name = "Pods-ToDoAppTests.debug.xcconfig"; path = "Target Support Files/Pods-ToDoAppTests/Pods-ToDoAppTests.debug.xcconfig"; sourceTree = "<group>"; };
		4A169767256E4696000E208D /* ToDoApp.app */ = {isa = PBXFileReference; explicitFileType = wrapper.application; includeInIndex = 0; path = ToDoApp.app; sourceTree = BUILT_PRODUCTS_DIR; };
		4A16976A256E4696000E208D /* AppDelegate.swift */ = {isa = PBXFileReference; lastKnownFileType = sourcecode.swift; path = AppDelegate.swift; sourceTree = "<group>"; };
		4A16976C256E4696000E208D /* SceneDelegate.swift */ = {isa = PBXFileReference; lastKnownFileType = sourcecode.swift; path = SceneDelegate.swift; sourceTree = "<group>"; };
		4A16976E256E4696000E208D /* TaskListView.swift */ = {isa = PBXFileReference; lastKnownFileType = sourcecode.swift; path = TaskListView.swift; sourceTree = "<group>"; };
		4A169770256E469A000E208D /* Assets.xcassets */ = {isa = PBXFileReference; lastKnownFileType = folder.assetcatalog; path = Assets.xcassets; sourceTree = "<group>"; };
		4A169773256E469A000E208D /* Preview Assets.xcassets */ = {isa = PBXFileReference; lastKnownFileType = folder.assetcatalog; path = "Preview Assets.xcassets"; sourceTree = "<group>"; };
		4A169776256E469A000E208D /* Base */ = {isa = PBXFileReference; lastKnownFileType = file.storyboard; name = Base; path = Base.lproj/LaunchScreen.storyboard; sourceTree = "<group>"; };
		4A169778256E469A000E208D /* Info.plist */ = {isa = PBXFileReference; lastKnownFileType = text.plist.xml; path = Info.plist; sourceTree = "<group>"; };
		4A16977D256E469A000E208D /* ToDoAppTests.xctest */ = {isa = PBXFileReference; explicitFileType = wrapper.cfbundle; includeInIndex = 0; path = ToDoAppTests.xctest; sourceTree = BUILT_PRODUCTS_DIR; };
		4A169781256E469A000E208D /* ToDoAppTests.swift */ = {isa = PBXFileReference; lastKnownFileType = sourcecode.swift; path = ToDoAppTests.swift; sourceTree = "<group>"; };
		4A169783256E469A000E208D /* Info.plist */ = {isa = PBXFileReference; lastKnownFileType = text.plist.xml; path = Info.plist; sourceTree = "<group>"; };
		4A169788256E469A000E208D /* ToDoAppUITests.xctest */ = {isa = PBXFileReference; explicitFileType = wrapper.cfbundle; includeInIndex = 0; path = ToDoAppUITests.xctest; sourceTree = BUILT_PRODUCTS_DIR; };
		4A16978C256E469A000E208D /* ToDoAppUITests.swift */ = {isa = PBXFileReference; lastKnownFileType = sourcecode.swift; path = ToDoAppUITests.swift; sourceTree = "<group>"; };
		4A16978E256E469A000E208D /* Info.plist */ = {isa = PBXFileReference; lastKnownFileType = text.plist.xml; path = Info.plist; sourceTree = "<group>"; };
		4A1697A6256E96E6000E208D /* Task.swift */ = {isa = PBXFileReference; lastKnownFileType = sourcecode.swift; path = Task.swift; sourceTree = "<group>"; };
		4A4F1CED256FB62600BC531A /* TaskCellViewModel.swift */ = {isa = PBXFileReference; lastKnownFileType = sourcecode.swift; path = TaskCellViewModel.swift; sourceTree = "<group>"; };
		4A4F1CF5256FB99F00BC531A /* TaskListViewModel.swift */ = {isa = PBXFileReference; lastKnownFileType = sourcecode.swift; path = TaskListViewModel.swift; sourceTree = "<group>"; };
		4A4F1D39257654E700BC531A /* GoogleService-Info.plist */ = {isa = PBXFileReference; fileEncoding = 4; lastKnownFileType = text.plist.xml; path = "GoogleService-Info.plist"; sourceTree = "<group>"; };
		4AB85EBB25A30B9500FECFE1 /* Encryption.swift */ = {isa = PBXFileReference; lastKnownFileType = sourcecode.swift; path = Encryption.swift; sourceTree = "<group>"; };
		4ACD362D25ACC20F0017191A /* TaskHolder.swift */ = {isa = PBXFileReference; lastKnownFileType = sourcecode.swift; path = TaskHolder.swift; sourceTree = "<group>"; };
		4AECD073A076432849557E4C /* Pods_ToDoApp.framework */ = {isa = PBXFileReference; explicitFileType = wrapper.framework; includeInIndex = 0; path = Pods_ToDoApp.framework; sourceTree = BUILT_PRODUCTS_DIR; };
		4AEDA8252589E11B0016FA78 /* GoogleService-Info.plist */ = {isa = PBXFileReference; fileEncoding = 4; lastKnownFileType = text.plist.xml; path = "GoogleService-Info.plist"; sourceTree = "<group>"; };
		4AEDA8452589E8720016FA78 /* TaskRepository.swift */ = {isa = PBXFileReference; lastKnownFileType = sourcecode.swift; path = TaskRepository.swift; sourceTree = "<group>"; };
		550F9929B6CE2233D6B8E2C5 /* Pods-ToDoApp-ToDoAppUITests.release.xcconfig */ = {isa = PBXFileReference; includeInIndex = 1; lastKnownFileType = text.xcconfig; name = "Pods-ToDoApp-ToDoAppUITests.release.xcconfig"; path = "Target Support Files/Pods-ToDoApp-ToDoAppUITests/Pods-ToDoApp-ToDoAppUITests.release.xcconfig"; sourceTree = "<group>"; };
		570E46FFE69C0871C4A0AC2F /* Pods-ToDoAppTests.release.xcconfig */ = {isa = PBXFileReference; includeInIndex = 1; lastKnownFileType = text.xcconfig; name = "Pods-ToDoAppTests.release.xcconfig"; path = "Target Support Files/Pods-ToDoAppTests/Pods-ToDoAppTests.release.xcconfig"; sourceTree = "<group>"; };
		9135F2212590EB2D00C21BE0 /* TaskCache.swift */ = {isa = PBXFileReference; lastKnownFileType = sourcecode.swift; path = TaskCache.swift; sourceTree = "<group>"; };
		CEDA06E405AAFA4EC3397939 /* Pods_ToDoApp_ToDoAppUITests.framework */ = {isa = PBXFileReference; explicitFileType = wrapper.framework; includeInIndex = 0; path = Pods_ToDoApp_ToDoAppUITests.framework; sourceTree = BUILT_PRODUCTS_DIR; };
		D4C8E6717C1FD2ABE5907F83 /* Pods-ToDoApp.debug.xcconfig */ = {isa = PBXFileReference; includeInIndex = 1; lastKnownFileType = text.xcconfig; name = "Pods-ToDoApp.debug.xcconfig"; path = "Target Support Files/Pods-ToDoApp/Pods-ToDoApp.debug.xcconfig"; sourceTree = "<group>"; };
		E01DBDCC2CAA231056F75A04 /* Pods_ToDoAppTests.framework */ = {isa = PBXFileReference; explicitFileType = wrapper.framework; includeInIndex = 0; path = Pods_ToDoAppTests.framework; sourceTree = BUILT_PRODUCTS_DIR; };
/* End PBXFileReference section */

/* Begin PBXFrameworksBuildPhase section */
		4A169764256E4696000E208D /* Frameworks */ = {
			isa = PBXFrameworksBuildPhase;
			buildActionMask = 2147483647;
			files = (
				EBF04D5E431C83682CD211AD /* Pods_ToDoApp.framework in Frameworks */,
			);
			runOnlyForDeploymentPostprocessing = 0;
		};
		4A16977A256E469A000E208D /* Frameworks */ = {
			isa = PBXFrameworksBuildPhase;
			buildActionMask = 2147483647;
			files = (
				65DAF6154AB281209427EC53 /* Pods_ToDoAppTests.framework in Frameworks */,
			);
			runOnlyForDeploymentPostprocessing = 0;
		};
		4A169785256E469A000E208D /* Frameworks */ = {
			isa = PBXFrameworksBuildPhase;
			buildActionMask = 2147483647;
			files = (
				6452FE2FEADF6EFA172C7976 /* Pods_ToDoApp_ToDoAppUITests.framework in Frameworks */,
			);
			runOnlyForDeploymentPostprocessing = 0;
		};
/* End PBXFrameworksBuildPhase section */

/* Begin PBXGroup section */
		2853AE534FE098B58F4965CA /* Frameworks */ = {
			isa = PBXGroup;
			children = (
				4AECD073A076432849557E4C /* Pods_ToDoApp.framework */,
				CEDA06E405AAFA4EC3397939 /* Pods_ToDoApp_ToDoAppUITests.framework */,
				E01DBDCC2CAA231056F75A04 /* Pods_ToDoAppTests.framework */,
			);
			name = Frameworks;
			sourceTree = "<group>";
		};
		4A16975E256E4696000E208D = {
			isa = PBXGroup;
			children = (
				4AB85EBA25A30B4A00FECFE1 /* Encryption */,
				4A169769256E4696000E208D /* ToDoApp */,
				4A169780256E469A000E208D /* ToDoAppTests */,
				4A16978B256E469A000E208D /* ToDoAppUITests */,
				4A169768256E4696000E208D /* Products */,
				E2E72765CAD8CE5D89FFAC35 /* Pods */,
				2853AE534FE098B58F4965CA /* Frameworks */,
			);
			sourceTree = "<group>";
		};
		4A169768256E4696000E208D /* Products */ = {
			isa = PBXGroup;
			children = (
				4A169767256E4696000E208D /* ToDoApp.app */,
				4A16977D256E469A000E208D /* ToDoAppTests.xctest */,
				4A169788256E469A000E208D /* ToDoAppUITests.xctest */,
			);
			name = Products;
			sourceTree = "<group>";
		};
		4A169769256E4696000E208D /* ToDoApp */ = {
			isa = PBXGroup;
			children = (
				4AEDA853258A53240016FA78 /* Views */,
				4A1697AE256E970A000E208D /* App */,
				4A4F1CEC256FB60E00BC531A /* ViewModels */,
				4AEDA8442589E8150016FA78 /* Repositories */,
				4A1697A5256E96D7000E208D /* Model */,
				4A169770256E469A000E208D /* Assets.xcassets */,
				4A169775256E469A000E208D /* LaunchScreen.storyboard */,
				4A169778256E469A000E208D /* Info.plist */,
				4AEDA8252589E11B0016FA78 /* GoogleService-Info.plist */,
				4A169772256E469A000E208D /* Preview Content */,
			);
			path = ToDoApp;
			sourceTree = "<group>";
		};
		4A169772256E469A000E208D /* Preview Content */ = {
			isa = PBXGroup;
			children = (
				4A169773256E469A000E208D /* Preview Assets.xcassets */,
			);
			path = "Preview Content";
			sourceTree = "<group>";
		};
		4A169780256E469A000E208D /* ToDoAppTests */ = {
			isa = PBXGroup;
			children = (
				4A169781256E469A000E208D /* ToDoAppTests.swift */,
				4A169783256E469A000E208D /* Info.plist */,
			);
			path = ToDoAppTests;
			sourceTree = "<group>";
		};
		4A16978B256E469A000E208D /* ToDoAppUITests */ = {
			isa = PBXGroup;
			children = (
				4A16978C256E469A000E208D /* ToDoAppUITests.swift */,
				4A16978E256E469A000E208D /* Info.plist */,
				4A4F1D39257654E700BC531A /* GoogleService-Info.plist */,
			);
			path = ToDoAppUITests;
			sourceTree = "<group>";
		};
		4A1697A5256E96D7000E208D /* Model */ = {
			isa = PBXGroup;
			children = (
				4A1697A6256E96E6000E208D /* Task.swift */,
			);
			path = Model;
			sourceTree = "<group>";
		};
		4A1697AE256E970A000E208D /* App */ = {
			isa = PBXGroup;
			children = (
				4A16976C256E4696000E208D /* SceneDelegate.swift */,
				4A16976A256E4696000E208D /* AppDelegate.swift */,
			);
			path = App;
			sourceTree = "<group>";
		};
		4A4F1CEC256FB60E00BC531A /* ViewModels */ = {
			isa = PBXGroup;
			children = (
				4A4F1CED256FB62600BC531A /* TaskCellViewModel.swift */,
				4A4F1CF5256FB99F00BC531A /* TaskListViewModel.swift */,
			);
			path = ViewModels;
			sourceTree = "<group>";
		};
		4AB85EBA25A30B4A00FECFE1 /* Encryption */ = {
			isa = PBXGroup;
			children = (
				4AB85EBB25A30B9500FECFE1 /* Encryption.swift */,
			);
			path = Encryption;
			sourceTree = "<group>";
		};
		4AEDA8442589E8150016FA78 /* Repositories */ = {
			isa = PBXGroup;
			children = (
				4AEDA8452589E8720016FA78 /* TaskRepository.swift */,
				9135F2212590EB2D00C21BE0 /* TaskCache.swift */,
				4ACD362D25ACC20F0017191A /* TaskHolder.swift */,
			);
			path = Repositories;
			sourceTree = "<group>";
		};
		4AEDA853258A53240016FA78 /* Views */ = {
			isa = PBXGroup;
			children = (
				4A16976E256E4696000E208D /* TaskListView.swift */,
			);
			path = Views;
			sourceTree = "<group>";
		};
		E2E72765CAD8CE5D89FFAC35 /* Pods */ = {
			isa = PBXGroup;
			children = (
				D4C8E6717C1FD2ABE5907F83 /* Pods-ToDoApp.debug.xcconfig */,
				152C1A69B893DFD755F9223A /* Pods-ToDoApp.release.xcconfig */,
				0FEB8596D014CA72802E7777 /* Pods-ToDoApp-ToDoAppUITests.debug.xcconfig */,
				550F9929B6CE2233D6B8E2C5 /* Pods-ToDoApp-ToDoAppUITests.release.xcconfig */,
				1B753878DE3460946FE49BB5 /* Pods-ToDoAppTests.debug.xcconfig */,
				570E46FFE69C0871C4A0AC2F /* Pods-ToDoAppTests.release.xcconfig */,
			);
			path = Pods;
			sourceTree = "<group>";
		};
/* End PBXGroup section */

/* Begin PBXNativeTarget section */
		4A169766256E4696000E208D /* ToDoApp */ = {
			isa = PBXNativeTarget;
			buildConfigurationList = 4A169791256E469A000E208D /* Build configuration list for PBXNativeTarget "ToDoApp" */;
			buildPhases = (
				617B1D2F68473076D29880A8 /* [CP] Check Pods Manifest.lock */,
				4A169763256E4696000E208D /* Sources */,
				4A169764256E4696000E208D /* Frameworks */,
				4A169765256E4696000E208D /* Resources */,
				BCF35CC9A415A04FE386EBD4 /* [CP] Embed Pods Frameworks */,
			);
			buildRules = (
			);
			dependencies = (
			);
			name = ToDoApp;
			productName = ToDoApp;
			productReference = 4A169767256E4696000E208D /* ToDoApp.app */;
			productType = "com.apple.product-type.application";
		};
		4A16977C256E469A000E208D /* ToDoAppTests */ = {
			isa = PBXNativeTarget;
			buildConfigurationList = 4A169794256E469A000E208D /* Build configuration list for PBXNativeTarget "ToDoAppTests" */;
			buildPhases = (
				97F7183DE82DF77AFAE9DA45 /* [CP] Check Pods Manifest.lock */,
				4A169779256E469A000E208D /* Sources */,
				4A16977A256E469A000E208D /* Frameworks */,
				4A16977B256E469A000E208D /* Resources */,
			);
			buildRules = (
			);
			dependencies = (
				4A16977F256E469A000E208D /* PBXTargetDependency */,
			);
			name = ToDoAppTests;
			productName = ToDoAppTests;
			productReference = 4A16977D256E469A000E208D /* ToDoAppTests.xctest */;
			productType = "com.apple.product-type.bundle.unit-test";
		};
		4A169787256E469A000E208D /* ToDoAppUITests */ = {
			isa = PBXNativeTarget;
			buildConfigurationList = 4A169797256E469A000E208D /* Build configuration list for PBXNativeTarget "ToDoAppUITests" */;
			buildPhases = (
				1E8DFEDEE4B0678E9CDF0AF1 /* [CP] Check Pods Manifest.lock */,
				4A169784256E469A000E208D /* Sources */,
				4A169785256E469A000E208D /* Frameworks */,
				4A169786256E469A000E208D /* Resources */,
				B0AF6A930958BCD42020FA98 /* [CP] Embed Pods Frameworks */,
			);
			buildRules = (
			);
			dependencies = (
				4A16978A256E469A000E208D /* PBXTargetDependency */,
			);
			name = ToDoAppUITests;
			productName = ToDoAppUITests;
			productReference = 4A169788256E469A000E208D /* ToDoAppUITests.xctest */;
			productType = "com.apple.product-type.bundle.ui-testing";
		};
/* End PBXNativeTarget section */

/* Begin PBXProject section */
		4A16975F256E4696000E208D /* Project object */ = {
			isa = PBXProject;
			attributes = {
				LastSwiftUpdateCheck = 1220;
				LastUpgradeCheck = 1220;
				TargetAttributes = {
					4A169766256E4696000E208D = {
						CreatedOnToolsVersion = 12.2;
					};
					4A16977C256E469A000E208D = {
						CreatedOnToolsVersion = 12.2;
						TestTargetID = 4A169766256E4696000E208D;
					};
					4A169787256E469A000E208D = {
						CreatedOnToolsVersion = 12.2;
						TestTargetID = 4A169766256E4696000E208D;
					};
				};
			};
			buildConfigurationList = 4A169762256E4696000E208D /* Build configuration list for PBXProject "ToDoApp" */;
			compatibilityVersion = "Xcode 9.3";
			developmentRegion = en;
			hasScannedForEncodings = 0;
			knownRegions = (
				en,
				Base,
			);
			mainGroup = 4A16975E256E4696000E208D;
			productRefGroup = 4A169768256E4696000E208D /* Products */;
			projectDirPath = "";
			projectRoot = "";
			targets = (
				4A169766256E4696000E208D /* ToDoApp */,
				4A16977C256E469A000E208D /* ToDoAppTests */,
				4A169787256E469A000E208D /* ToDoAppUITests */,
			);
		};
/* End PBXProject section */

/* Begin PBXResourcesBuildPhase section */
		4A169765256E4696000E208D /* Resources */ = {
			isa = PBXResourcesBuildPhase;
			buildActionMask = 2147483647;
			files = (
				4A169777256E469A000E208D /* LaunchScreen.storyboard in Resources */,
				4AEDA8262589E11B0016FA78 /* GoogleService-Info.plist in Resources */,
				4A169774256E469A000E208D /* Preview Assets.xcassets in Resources */,
				4A169771256E469A000E208D /* Assets.xcassets in Resources */,
			);
			runOnlyForDeploymentPostprocessing = 0;
		};
		4A16977B256E469A000E208D /* Resources */ = {
			isa = PBXResourcesBuildPhase;
			buildActionMask = 2147483647;
			files = (
			);
			runOnlyForDeploymentPostprocessing = 0;
		};
		4A169786256E469A000E208D /* Resources */ = {
			isa = PBXResourcesBuildPhase;
			buildActionMask = 2147483647;
			files = (
				4A4F1D3A257654E700BC531A /* GoogleService-Info.plist in Resources */,
			);
			runOnlyForDeploymentPostprocessing = 0;
		};
/* End PBXResourcesBuildPhase section */

/* Begin PBXShellScriptBuildPhase section */
		1E8DFEDEE4B0678E9CDF0AF1 /* [CP] Check Pods Manifest.lock */ = {
			isa = PBXShellScriptBuildPhase;
			buildActionMask = 2147483647;
			files = (
			);
			inputFileListPaths = (
			);
			inputPaths = (
				"${PODS_PODFILE_DIR_PATH}/Podfile.lock",
				"${PODS_ROOT}/Manifest.lock",
			);
			name = "[CP] Check Pods Manifest.lock";
			outputFileListPaths = (
			);
			outputPaths = (
				"$(DERIVED_FILE_DIR)/Pods-ToDoApp-ToDoAppUITests-checkManifestLockResult.txt",
			);
			runOnlyForDeploymentPostprocessing = 0;
			shellPath = /bin/sh;
			shellScript = "diff \"${PODS_PODFILE_DIR_PATH}/Podfile.lock\" \"${PODS_ROOT}/Manifest.lock\" > /dev/null\nif [ $? != 0 ] ; then\n    # print error to STDERR\n    echo \"error: The sandbox is not in sync with the Podfile.lock. Run 'pod install' or update your CocoaPods installation.\" >&2\n    exit 1\nfi\n# This output is used by Xcode 'outputs' to avoid re-running this script phase.\necho \"SUCCESS\" > \"${SCRIPT_OUTPUT_FILE_0}\"\n";
			showEnvVarsInLog = 0;
		};
		617B1D2F68473076D29880A8 /* [CP] Check Pods Manifest.lock */ = {
			isa = PBXShellScriptBuildPhase;
			buildActionMask = 2147483647;
			files = (
			);
			inputFileListPaths = (
			);
			inputPaths = (
				"${PODS_PODFILE_DIR_PATH}/Podfile.lock",
				"${PODS_ROOT}/Manifest.lock",
			);
			name = "[CP] Check Pods Manifest.lock";
			outputFileListPaths = (
			);
			outputPaths = (
				"$(DERIVED_FILE_DIR)/Pods-ToDoApp-checkManifestLockResult.txt",
			);
			runOnlyForDeploymentPostprocessing = 0;
			shellPath = /bin/sh;
			shellScript = "diff \"${PODS_PODFILE_DIR_PATH}/Podfile.lock\" \"${PODS_ROOT}/Manifest.lock\" > /dev/null\nif [ $? != 0 ] ; then\n    # print error to STDERR\n    echo \"error: The sandbox is not in sync with the Podfile.lock. Run 'pod install' or update your CocoaPods installation.\" >&2\n    exit 1\nfi\n# This output is used by Xcode 'outputs' to avoid re-running this script phase.\necho \"SUCCESS\" > \"${SCRIPT_OUTPUT_FILE_0}\"\n";
			showEnvVarsInLog = 0;
		};
		97F7183DE82DF77AFAE9DA45 /* [CP] Check Pods Manifest.lock */ = {
			isa = PBXShellScriptBuildPhase;
			buildActionMask = 2147483647;
			files = (
			);
			inputFileListPaths = (
			);
			inputPaths = (
				"${PODS_PODFILE_DIR_PATH}/Podfile.lock",
				"${PODS_ROOT}/Manifest.lock",
			);
			name = "[CP] Check Pods Manifest.lock";
			outputFileListPaths = (
			);
			outputPaths = (
				"$(DERIVED_FILE_DIR)/Pods-ToDoAppTests-checkManifestLockResult.txt",
			);
			runOnlyForDeploymentPostprocessing = 0;
			shellPath = /bin/sh;
			shellScript = "diff \"${PODS_PODFILE_DIR_PATH}/Podfile.lock\" \"${PODS_ROOT}/Manifest.lock\" > /dev/null\nif [ $? != 0 ] ; then\n    # print error to STDERR\n    echo \"error: The sandbox is not in sync with the Podfile.lock. Run 'pod install' or update your CocoaPods installation.\" >&2\n    exit 1\nfi\n# This output is used by Xcode 'outputs' to avoid re-running this script phase.\necho \"SUCCESS\" > \"${SCRIPT_OUTPUT_FILE_0}\"\n";
			showEnvVarsInLog = 0;
		};
		B0AF6A930958BCD42020FA98 /* [CP] Embed Pods Frameworks */ = {
			isa = PBXShellScriptBuildPhase;
			buildActionMask = 2147483647;
			files = (
			);
			inputFileListPaths = (
				"${PODS_ROOT}/Target Support Files/Pods-ToDoApp-ToDoAppUITests/Pods-ToDoApp-ToDoAppUITests-frameworks-${CONFIGURATION}-input-files.xcfilelist",
			);
			name = "[CP] Embed Pods Frameworks";
			outputFileListPaths = (
				"${PODS_ROOT}/Target Support Files/Pods-ToDoApp-ToDoAppUITests/Pods-ToDoApp-ToDoAppUITests-frameworks-${CONFIGURATION}-output-files.xcfilelist",
			);
			runOnlyForDeploymentPostprocessing = 0;
			shellPath = /bin/sh;
			shellScript = "\"${PODS_ROOT}/Target Support Files/Pods-ToDoApp-ToDoAppUITests/Pods-ToDoApp-ToDoAppUITests-frameworks.sh\"\n";
			showEnvVarsInLog = 0;
		};
		BCF35CC9A415A04FE386EBD4 /* [CP] Embed Pods Frameworks */ = {
			isa = PBXShellScriptBuildPhase;
			buildActionMask = 2147483647;
			files = (
			);
			inputFileListPaths = (
				"${PODS_ROOT}/Target Support Files/Pods-ToDoApp/Pods-ToDoApp-frameworks-${CONFIGURATION}-input-files.xcfilelist",
			);
			name = "[CP] Embed Pods Frameworks";
			outputFileListPaths = (
				"${PODS_ROOT}/Target Support Files/Pods-ToDoApp/Pods-ToDoApp-frameworks-${CONFIGURATION}-output-files.xcfilelist",
			);
			runOnlyForDeploymentPostprocessing = 0;
			shellPath = /bin/sh;
			shellScript = "\"${PODS_ROOT}/Target Support Files/Pods-ToDoApp/Pods-ToDoApp-frameworks.sh\"\n";
			showEnvVarsInLog = 0;
		};
/* End PBXShellScriptBuildPhase section */

/* Begin PBXSourcesBuildPhase section */
		4A169763256E4696000E208D /* Sources */ = {
			isa = PBXSourcesBuildPhase;
			buildActionMask = 2147483647;
			files = (
				4A1697A7256E96E6000E208D /* Task.swift in Sources */,
				9135F2222590EB2D00C21BE0 /* TaskCache.swift in Sources */,
				4A16976B256E4696000E208D /* AppDelegate.swift in Sources */,
				4AB85EBC25A30B9500FECFE1 /* Encryption.swift in Sources */,
				4A16976D256E4696000E208D /* SceneDelegate.swift in Sources */,
				4A16976F256E4696000E208D /* TaskListView.swift in Sources */,
				4A4F1CEE256FB62600BC531A /* TaskCellViewModel.swift in Sources */,
				4A4F1CF6256FB99F00BC531A /* TaskListViewModel.swift in Sources */,
				4ACD362E25ACC20F0017191A /* TaskHolder.swift in Sources */,
				4AEDA8462589E8720016FA78 /* TaskRepository.swift in Sources */,
			);
			runOnlyForDeploymentPostprocessing = 0;
		};
		4A169779256E469A000E208D /* Sources */ = {
			isa = PBXSourcesBuildPhase;
			buildActionMask = 2147483647;
			files = (
				4A169782256E469A000E208D /* ToDoAppTests.swift in Sources */,
			);
			runOnlyForDeploymentPostprocessing = 0;
		};
		4A169784256E469A000E208D /* Sources */ = {
			isa = PBXSourcesBuildPhase;
			buildActionMask = 2147483647;
			files = (
				4A16978D256E469A000E208D /* ToDoAppUITests.swift in Sources */,
			);
			runOnlyForDeploymentPostprocessing = 0;
		};
/* End PBXSourcesBuildPhase section */

/* Begin PBXTargetDependency section */
		4A16977F256E469A000E208D /* PBXTargetDependency */ = {
			isa = PBXTargetDependency;
			target = 4A169766256E4696000E208D /* ToDoApp */;
			targetProxy = 4A16977E256E469A000E208D /* PBXContainerItemProxy */;
		};
		4A16978A256E469A000E208D /* PBXTargetDependency */ = {
			isa = PBXTargetDependency;
			target = 4A169766256E4696000E208D /* ToDoApp */;
			targetProxy = 4A169789256E469A000E208D /* PBXContainerItemProxy */;
		};
/* End PBXTargetDependency section */

/* Begin PBXVariantGroup section */
		4A169775256E469A000E208D /* LaunchScreen.storyboard */ = {
			isa = PBXVariantGroup;
			children = (
				4A169776256E469A000E208D /* Base */,
			);
			name = LaunchScreen.storyboard;
			sourceTree = "<group>";
		};
/* End PBXVariantGroup section */

/* Begin XCBuildConfiguration section */
		4A16978F256E469A000E208D /* Debug */ = {
			isa = XCBuildConfiguration;
			buildSettings = {
				ALWAYS_SEARCH_USER_PATHS = NO;
				CLANG_ANALYZER_NONNULL = YES;
				CLANG_ANALYZER_NUMBER_OBJECT_CONVERSION = YES_AGGRESSIVE;
				CLANG_CXX_LANGUAGE_STANDARD = "gnu++14";
				CLANG_CXX_LIBRARY = "libc++";
				CLANG_ENABLE_MODULES = YES;
				CLANG_ENABLE_OBJC_ARC = YES;
				CLANG_ENABLE_OBJC_WEAK = YES;
				CLANG_WARN_BLOCK_CAPTURE_AUTORELEASING = YES;
				CLANG_WARN_BOOL_CONVERSION = YES;
				CLANG_WARN_COMMA = YES;
				CLANG_WARN_CONSTANT_CONVERSION = YES;
				CLANG_WARN_DEPRECATED_OBJC_IMPLEMENTATIONS = YES;
				CLANG_WARN_DIRECT_OBJC_ISA_USAGE = YES_ERROR;
				CLANG_WARN_DOCUMENTATION_COMMENTS = YES;
				CLANG_WARN_EMPTY_BODY = YES;
				CLANG_WARN_ENUM_CONVERSION = YES;
				CLANG_WARN_INFINITE_RECURSION = YES;
				CLANG_WARN_INT_CONVERSION = YES;
				CLANG_WARN_NON_LITERAL_NULL_CONVERSION = YES;
				CLANG_WARN_OBJC_IMPLICIT_RETAIN_SELF = YES;
				CLANG_WARN_OBJC_LITERAL_CONVERSION = YES;
				CLANG_WARN_OBJC_ROOT_CLASS = YES_ERROR;
				CLANG_WARN_QUOTED_INCLUDE_IN_FRAMEWORK_HEADER = YES;
				CLANG_WARN_RANGE_LOOP_ANALYSIS = YES;
				CLANG_WARN_STRICT_PROTOTYPES = YES;
				CLANG_WARN_SUSPICIOUS_MOVE = YES;
				CLANG_WARN_UNGUARDED_AVAILABILITY = YES_AGGRESSIVE;
				CLANG_WARN_UNREACHABLE_CODE = YES;
				CLANG_WARN__DUPLICATE_METHOD_MATCH = YES;
				COPY_PHASE_STRIP = NO;
				DEBUG_INFORMATION_FORMAT = dwarf;
				ENABLE_STRICT_OBJC_MSGSEND = YES;
				ENABLE_TESTABILITY = YES;
				"EXCLUDED_ARCHS[sdk=iphonesimulator*]" = arm64;
				GCC_C_LANGUAGE_STANDARD = gnu11;
				GCC_DYNAMIC_NO_PIC = NO;
				GCC_NO_COMMON_BLOCKS = YES;
				GCC_OPTIMIZATION_LEVEL = 0;
				GCC_PREPROCESSOR_DEFINITIONS = (
					"DEBUG=1",
					"$(inherited)",
				);
				GCC_WARN_64_TO_32_BIT_CONVERSION = YES;
				GCC_WARN_ABOUT_RETURN_TYPE = YES_ERROR;
				GCC_WARN_UNDECLARED_SELECTOR = YES;
				GCC_WARN_UNINITIALIZED_AUTOS = YES_AGGRESSIVE;
				GCC_WARN_UNUSED_FUNCTION = YES;
				GCC_WARN_UNUSED_VARIABLE = YES;
				IPHONEOS_DEPLOYMENT_TARGET = 14.2;
				MTL_ENABLE_DEBUG_INFO = INCLUDE_SOURCE;
				MTL_FAST_MATH = YES;
				ONLY_ACTIVE_ARCH = YES;
				SDKROOT = iphoneos;
				SWIFT_ACTIVE_COMPILATION_CONDITIONS = DEBUG;
				SWIFT_OPTIMIZATION_LEVEL = "-Onone";
			};
			name = Debug;
		};
		4A169790256E469A000E208D /* Release */ = {
			isa = XCBuildConfiguration;
			buildSettings = {
				ALWAYS_SEARCH_USER_PATHS = NO;
				CLANG_ANALYZER_NONNULL = YES;
				CLANG_ANALYZER_NUMBER_OBJECT_CONVERSION = YES_AGGRESSIVE;
				CLANG_CXX_LANGUAGE_STANDARD = "gnu++14";
				CLANG_CXX_LIBRARY = "libc++";
				CLANG_ENABLE_MODULES = YES;
				CLANG_ENABLE_OBJC_ARC = YES;
				CLANG_ENABLE_OBJC_WEAK = YES;
				CLANG_WARN_BLOCK_CAPTURE_AUTORELEASING = YES;
				CLANG_WARN_BOOL_CONVERSION = YES;
				CLANG_WARN_COMMA = YES;
				CLANG_WARN_CONSTANT_CONVERSION = YES;
				CLANG_WARN_DEPRECATED_OBJC_IMPLEMENTATIONS = YES;
				CLANG_WARN_DIRECT_OBJC_ISA_USAGE = YES_ERROR;
				CLANG_WARN_DOCUMENTATION_COMMENTS = YES;
				CLANG_WARN_EMPTY_BODY = YES;
				CLANG_WARN_ENUM_CONVERSION = YES;
				CLANG_WARN_INFINITE_RECURSION = YES;
				CLANG_WARN_INT_CONVERSION = YES;
				CLANG_WARN_NON_LITERAL_NULL_CONVERSION = YES;
				CLANG_WARN_OBJC_IMPLICIT_RETAIN_SELF = YES;
				CLANG_WARN_OBJC_LITERAL_CONVERSION = YES;
				CLANG_WARN_OBJC_ROOT_CLASS = YES_ERROR;
				CLANG_WARN_QUOTED_INCLUDE_IN_FRAMEWORK_HEADER = YES;
				CLANG_WARN_RANGE_LOOP_ANALYSIS = YES;
				CLANG_WARN_STRICT_PROTOTYPES = YES;
				CLANG_WARN_SUSPICIOUS_MOVE = YES;
				CLANG_WARN_UNGUARDED_AVAILABILITY = YES_AGGRESSIVE;
				CLANG_WARN_UNREACHABLE_CODE = YES;
				CLANG_WARN__DUPLICATE_METHOD_MATCH = YES;
				COPY_PHASE_STRIP = NO;
				DEBUG_INFORMATION_FORMAT = "dwarf-with-dsym";
				ENABLE_NS_ASSERTIONS = NO;
				ENABLE_STRICT_OBJC_MSGSEND = YES;
				"EXCLUDED_ARCHS[sdk=iphonesimulator*]" = arm64;
				GCC_C_LANGUAGE_STANDARD = gnu11;
				GCC_NO_COMMON_BLOCKS = YES;
				GCC_WARN_64_TO_32_BIT_CONVERSION = YES;
				GCC_WARN_ABOUT_RETURN_TYPE = YES_ERROR;
				GCC_WARN_UNDECLARED_SELECTOR = YES;
				GCC_WARN_UNINITIALIZED_AUTOS = YES_AGGRESSIVE;
				GCC_WARN_UNUSED_FUNCTION = YES;
				GCC_WARN_UNUSED_VARIABLE = YES;
				IPHONEOS_DEPLOYMENT_TARGET = 14.2;
				MTL_ENABLE_DEBUG_INFO = NO;
				MTL_FAST_MATH = YES;
				SDKROOT = iphoneos;
				SWIFT_COMPILATION_MODE = wholemodule;
				SWIFT_OPTIMIZATION_LEVEL = "-O";
				VALIDATE_PRODUCT = YES;
			};
			name = Release;
		};
		4A169792256E469A000E208D /* Debug */ = {
			isa = XCBuildConfiguration;
			baseConfigurationReference = D4C8E6717C1FD2ABE5907F83 /* Pods-ToDoApp.debug.xcconfig */;
			buildSettings = {
				ASSETCATALOG_COMPILER_APPICON_NAME = AppIcon;
				ASSETCATALOG_COMPILER_GLOBAL_ACCENT_COLOR_NAME = AccentColor;
				CODE_SIGN_STYLE = Automatic;
				DEVELOPMENT_ASSET_PATHS = "\"ToDoApp/Preview Content\"";
				DEVELOPMENT_TEAM = A4PLFQ9CT8;
				ENABLE_PREVIEWS = YES;
				INFOPLIST_FILE = ToDoApp/Info.plist;
				LD_RUNPATH_SEARCH_PATHS = (
					"$(inherited)",
					"@executable_path/Frameworks",
				);
				PRODUCT_BUNDLE_IDENTIFIER = robin.karlsson..ToDoApp;
				PRODUCT_NAME = "$(TARGET_NAME)";
				SWIFT_VERSION = 5.0;
				TARGETED_DEVICE_FAMILY = "1,2";
			};
			name = Debug;
		};
		4A169793256E469A000E208D /* Release */ = {
			isa = XCBuildConfiguration;
			baseConfigurationReference = 152C1A69B893DFD755F9223A /* Pods-ToDoApp.release.xcconfig */;
			buildSettings = {
				ASSETCATALOG_COMPILER_APPICON_NAME = AppIcon;
				ASSETCATALOG_COMPILER_GLOBAL_ACCENT_COLOR_NAME = AccentColor;
				CODE_SIGN_STYLE = Automatic;
				DEVELOPMENT_ASSET_PATHS = "\"ToDoApp/Preview Content\"";
				DEVELOPMENT_TEAM = A4PLFQ9CT8;
				ENABLE_PREVIEWS = YES;
				INFOPLIST_FILE = ToDoApp/Info.plist;
				LD_RUNPATH_SEARCH_PATHS = (
					"$(inherited)",
					"@executable_path/Frameworks",
				);
				PRODUCT_BUNDLE_IDENTIFIER = robin.karlsson..ToDoApp;
				PRODUCT_NAME = "$(TARGET_NAME)";
				SWIFT_VERSION = 5.0;
				TARGETED_DEVICE_FAMILY = "1,2";
			};
			name = Release;
		};
		4A169795256E469A000E208D /* Debug */ = {
			isa = XCBuildConfiguration;
			baseConfigurationReference = 1B753878DE3460946FE49BB5 /* Pods-ToDoAppTests.debug.xcconfig */;
			buildSettings = {
				ALWAYS_EMBED_SWIFT_STANDARD_LIBRARIES = YES;
				BUNDLE_LOADER = "$(TEST_HOST)";
				CODE_SIGN_STYLE = Automatic;
				DEVELOPMENT_TEAM = A4PLFQ9CT8;
				INFOPLIST_FILE = ToDoAppTests/Info.plist;
				IPHONEOS_DEPLOYMENT_TARGET = 14.2;
				LD_RUNPATH_SEARCH_PATHS = (
					"$(inherited)",
					"@executable_path/Frameworks",
					"@loader_path/Frameworks",
				);
				PRODUCT_BUNDLE_IDENTIFIER = robin.karlsson..ToDoAppTests;
				PRODUCT_NAME = "$(TARGET_NAME)";
				SWIFT_VERSION = 5.0;
				TARGETED_DEVICE_FAMILY = "1,2";
				TEST_HOST = "$(BUILT_PRODUCTS_DIR)/ToDoApp.app/ToDoApp";
			};
			name = Debug;
		};
		4A169796256E469A000E208D /* Release */ = {
			isa = XCBuildConfiguration;
			baseConfigurationReference = 570E46FFE69C0871C4A0AC2F /* Pods-ToDoAppTests.release.xcconfig */;
			buildSettings = {
				ALWAYS_EMBED_SWIFT_STANDARD_LIBRARIES = YES;
				BUNDLE_LOADER = "$(TEST_HOST)";
				CODE_SIGN_STYLE = Automatic;
				DEVELOPMENT_TEAM = A4PLFQ9CT8;
				INFOPLIST_FILE = ToDoAppTests/Info.plist;
				IPHONEOS_DEPLOYMENT_TARGET = 14.2;
				LD_RUNPATH_SEARCH_PATHS = (
					"$(inherited)",
					"@executable_path/Frameworks",
					"@loader_path/Frameworks",
				);
				PRODUCT_BUNDLE_IDENTIFIER = robin.karlsson..ToDoAppTests;
				PRODUCT_NAME = "$(TARGET_NAME)";
				SWIFT_VERSION = 5.0;
				TARGETED_DEVICE_FAMILY = "1,2";
				TEST_HOST = "$(BUILT_PRODUCTS_DIR)/ToDoApp.app/ToDoApp";
			};
			name = Release;
		};
		4A169798256E469A000E208D /* Debug */ = {
			isa = XCBuildConfiguration;
			baseConfigurationReference = 0FEB8596D014CA72802E7777 /* Pods-ToDoApp-ToDoAppUITests.debug.xcconfig */;
			buildSettings = {
				ALWAYS_EMBED_SWIFT_STANDARD_LIBRARIES = YES;
				CODE_SIGN_STYLE = Automatic;
				DEVELOPMENT_TEAM = A4PLFQ9CT8;
				INFOPLIST_FILE = ToDoAppUITests/Info.plist;
				LD_RUNPATH_SEARCH_PATHS = (
					"$(inherited)",
					"@executable_path/Frameworks",
					"@loader_path/Frameworks",
				);
				PRODUCT_BUNDLE_IDENTIFIER = robin.karlsson..ToDoAppUITests;
				PRODUCT_NAME = "$(TARGET_NAME)";
				SWIFT_VERSION = 5.0;
				TARGETED_DEVICE_FAMILY = "1,2";
				TEST_TARGET_NAME = ToDoApp;
			};
			name = Debug;
		};
		4A169799256E469A000E208D /* Release */ = {
			isa = XCBuildConfiguration;
			baseConfigurationReference = 550F9929B6CE2233D6B8E2C5 /* Pods-ToDoApp-ToDoAppUITests.release.xcconfig */;
			buildSettings = {
				ALWAYS_EMBED_SWIFT_STANDARD_LIBRARIES = YES;
				CODE_SIGN_STYLE = Automatic;
				DEVELOPMENT_TEAM = A4PLFQ9CT8;
				INFOPLIST_FILE = ToDoAppUITests/Info.plist;
				LD_RUNPATH_SEARCH_PATHS = (
					"$(inherited)",
					"@executable_path/Frameworks",
					"@loader_path/Frameworks",
				);
				PRODUCT_BUNDLE_IDENTIFIER = robin.karlsson..ToDoAppUITests;
				PRODUCT_NAME = "$(TARGET_NAME)";
				SWIFT_VERSION = 5.0;
				TARGETED_DEVICE_FAMILY = "1,2";
				TEST_TARGET_NAME = ToDoApp;
			};
			name = Release;
		};
/* End XCBuildConfiguration section */

/* Begin XCConfigurationList section */
		4A169762256E4696000E208D /* Build configuration list for PBXProject "ToDoApp" */ = {
			isa = XCConfigurationList;
			buildConfigurations = (
				4A16978F256E469A000E208D /* Debug */,
				4A169790256E469A000E208D /* Release */,
			);
			defaultConfigurationIsVisible = 0;
			defaultConfigurationName = Release;
		};
		4A169791256E469A000E208D /* Build configuration list for PBXNativeTarget "ToDoApp" */ = {
			isa = XCConfigurationList;
			buildConfigurations = (
				4A169792256E469A000E208D /* Debug */,
				4A169793256E469A000E208D /* Release */,
			);
			defaultConfigurationIsVisible = 0;
			defaultConfigurationName = Release;
		};
		4A169794256E469A000E208D /* Build configuration list for PBXNativeTarget "ToDoAppTests" */ = {
			isa = XCConfigurationList;
			buildConfigurations = (
				4A169795256E469A000E208D /* Debug */,
				4A169796256E469A000E208D /* Release */,
			);
			defaultConfigurationIsVisible = 0;
			defaultConfigurationName = Release;
		};
		4A169797256E469A000E208D /* Build configuration list for PBXNativeTarget "ToDoAppUITests" */ = {
			isa = XCConfigurationList;
			buildConfigurations = (
				4A169798256E469A000E208D /* Debug */,
				4A169799256E469A000E208D /* Release */,
			);
			defaultConfigurationIsVisible = 0;
			defaultConfigurationName = Release;
		};
/* End XCConfigurationList section */
	};
	rootObject = 4A16975F256E4696000E208D /* Project object */;
}
